
Microsoft Visual Studio Solution File, Format Version 12.00
# Visual Studio Version 16
VisualStudioVersion = 16.0.32228.343
MinimumVisualStudioVersion = 10.0.40219.1
Project("{F184B08F-C81C-45F6-A57F-5ABD9991F28F}") = "ADO1", "ADO1.vbproj", "{61882570-36A2-40A5-8E3C-FA36FFE55D8E}"
EndProject
Global
	GlobalSection(SolutionConfigurationPlatforms) = preSolution
		Debug|Any CPU = Debug|Any CPU
		Release|Any CPU = Release|Any CPU
	EndGlobalSection
	GlobalSection(ProjectConfigurationPlatforms) = postSolution
		{61882570-36A2-40A5-8E3C-FA36FFE55D8E}.Debug|Any CPU.ActiveCfg = Debug|Any CPU
		{61882570-36A2-40A5-8E3C-FA36FFE55D8E}.Debug|Any CPU.Build.0 = Debug|Any CPU
		{61882570-36A2-40A5-8E3C-FA36FFE55D8E}.Release|Any CPU.ActiveCfg = Release|Any CPU
		{61882570-36A2-40A5-8E3C-FA36FFE55D8E}.Release|Any CPU.Build.0 = Release|Any CPU
	EndGlobalSection
	GlobalSection(SolutionProperties) = preSolution
		HideSolutionNode = FALSE
	EndGlobalSection
	GlobalSection(ExtensibilityGlobals) = postSolution
		SolutionGuid = {BA314809-9370-4AB3-8760-C3726EBB773F}
	EndGlobalSection
EndGlobal
